
Microsoft Visual Studio Solution File, Format Version 12.00
# Visual Studio Version 17
VisualStudioVersion = 17.14.37111.16 d17.14
MinimumVisualStudioVersion = 10.0.40219.1
Project("{FAE04EC0-301F-11D3-BF4B-00C04F79EFBC}") = "TheSpellBrigadeHelper", "TheSpellBrigadeHelper.csproj", "{EAA193F6-DC86-4D41-A336-17CCBBED54AE}"
EndProject
Global
	GlobalSection(SolutionConfigurationPlatforms) = preSolution
		Debug|Any CPU = Debug|Any CPU
		Release|Any CPU = Release|Any CPU
	EndGlobalSection
	GlobalSection(ProjectConfigurationPlatforms) = postSolution
		{EAA193F6-DC86-4D41-A336-17CCBBED54AE}.Debug|Any CPU.ActiveCfg = Debug|Any CPU
		{EAA193F6-DC86-4D41-A336-17CCBBED54AE}.Debug|Any CPU.Build.0 = Debug|Any CPU
		{EAA193F6-DC86-4D41-A336-17CCBBED54AE}.Release|Any CPU.ActiveCfg = Release|Any CPU
		{EAA193F6-DC86-4D41-A336-17CCBBED54AE}.Release|Any CPU.Build.0 = Release|Any CPU
	EndGlobalSection
	GlobalSection(SolutionProperties) = preSolution
		HideSolutionNode = FALSE
	EndGlobalSection
	GlobalSection(ExtensibilityGlobals) = postSolution
		SolutionGuid = {EC712217-1635-4466-A1B4-42B1A9726C3A}
	EndGlobalSection
EndGlobal
